
Microsoft Visual Studio Solution File, Format Version 12.00
# Visual Studio 15
VisualStudioVersion = 15.0.27004.2005
MinimumVisualStudioVersion = 10.0.40219.1
Project("{9A19103F-16F7-4668-BE54-9A1E7A4F7556}") = "X.MAX.Rpc.Http", "X.MAX.Rpc.Http\X.MAX.Rpc.Http.csproj", "{5794FCAD-8A8D-46DC-AAFC-E97E265C4C6B}"
EndProject
Project("{9A19103F-16F7-4668-BE54-9A1E7A4F7556}") = "X.MAX.Rpc.Http.Sample.WebApi", "X.MAX.Rpc.Http.Sample.WebApi\X.MAX.Rpc.Http.Sample.WebApi.csproj", "{A2D2BE95-0834-4F7C-BB79-90689B8F1912}"
EndProject
Project("{2150E333-8FDC-42A3-9474-1A3956D46DE8}") = "Sample", "Sample", "{D5BF479A-DD3C-4A8F-85CB-2A4F31A46717}"
EndProject
Project("{9A19103F-16F7-4668-BE54-9A1E7A4F7556}") = "X.MAX.Rpc.Http.Sample.Service", "X.MAX.Rpc.Http.Sample.Service\X.MAX.Rpc.Http.Sample.Service.csproj", "{077C9EE9-718F-433C-8DF1-0D9188952DF3}"
EndProject
Project("{FAE04EC0-301F-11D3-BF4B-00C04F79EFBC}") = "X.MAX.Rpc.Http.Sample.Implement", "X.MAX.Rpc.Http.Sample.Implement\X.MAX.Rpc.Http.Sample.Implement.csproj", "{179B9469-8523-4FE6-917F-E7C1081CDDBD}"
EndProject
Global
	GlobalSection(SolutionConfigurationPlatforms) = preSolution
		Debug|Any CPU = Debug|Any CPU
		Release|Any CPU = Release|Any CPU
	EndGlobalSection
	GlobalSection(ProjectConfigurationPlatforms) = postSolution
		{5794FCAD-8A8D-46DC-AAFC-E97E265C4C6B}.Debug|Any CPU.ActiveCfg = Debug|Any CPU
		{5794FCAD-8A8D-46DC-AAFC-E97E265C4C6B}.Debug|Any CPU.Build.0 = Debug|Any CPU
		{5794FCAD-8A8D-46DC-AAFC-E97E265C4C6B}.Release|Any CPU.ActiveCfg = Release|Any CPU
		{5794FCAD-8A8D-46DC-AAFC-E97E265C4C6B}.Release|Any CPU.Build.0 = Release|Any CPU
		{A2D2BE95-0834-4F7C-BB79-90689B8F1912}.Debug|Any CPU.ActiveCfg = Debug|Any CPU
		{A2D2BE95-0834-4F7C-BB79-90689B8F1912}.Debug|Any CPU.Build.0 = Debug|Any CPU
		{A2D2BE95-0834-4F7C-BB79-90689B8F1912}.Release|Any CPU.ActiveCfg = Release|Any CPU
		{A2D2BE95-0834-4F7C-BB79-90689B8F1912}.Release|Any CPU.Build.0 = Release|Any CPU
		{077C9EE9-718F-433C-8DF1-0D9188952DF3}.Debug|Any CPU.ActiveCfg = Debug|Any CPU
		{077C9EE9-718F-433C-8DF1-0D9188952DF3}.Debug|Any CPU.Build.0 = Debug|Any CPU
		{077C9EE9-718F-433C-8DF1-0D9188952DF3}.Release|Any CPU.ActiveCfg = Release|Any CPU
		{077C9EE9-718F-433C-8DF1-0D9188952DF3}.Release|Any CPU.Build.0 = Release|Any CPU
		{179B9469-8523-4FE6-917F-E7C1081CDDBD}.Debug|Any CPU.ActiveCfg = Debug|Any CPU
		{179B9469-8523-4FE6-917F-E7C1081CDDBD}.Debug|Any CPU.Build.0 = Debug|Any CPU
		{179B9469-8523-4FE6-917F-E7C1081CDDBD}.Release|Any CPU.ActiveCfg = Release|Any CPU
		{179B9469-8523-4FE6-917F-E7C1081CDDBD}.Release|Any CPU.Build.0 = Release|Any CPU
	EndGlobalSection
	GlobalSection(SolutionProperties) = preSolution
		HideSolutionNode = FALSE
	EndGlobalSection
	GlobalSection(NestedProjects) = preSolution
		{A2D2BE95-0834-4F7C-BB79-90689B8F1912} = {D5BF479A-DD3C-4A8F-85CB-2A4F31A46717}
		{077C9EE9-718F-433C-8DF1-0D9188952DF3} = {D5BF479A-DD3C-4A8F-85CB-2A4F31A46717}
		{179B9469-8523-4FE6-917F-E7C1081CDDBD} = {D5BF479A-DD3C-4A8F-85CB-2A4F31A46717}
	EndGlobalSection
	GlobalSection(ExtensibilityGlobals) = postSolution
		SolutionGuid = {64324C44-8B2E-430D-81BD-7D7DF1D6502F}
	EndGlobalSection
EndGlobal
